// !$*UTF8*$!
{
	archiveVersion = 1;
	classes = {
	};
	objectVersion = 46;
	objects = {

/* Begin PBXBuildFile section */
		F732429718EB8047004227E7 /* Foundation.framework in Frameworks */ = {isa = PBXBuildFile; fileRef = F732429618EB8047004227E7 /* Foundation.framework */; };
		F732429918EB8047004227E7 /* CoreGraphics.framework in Frameworks */ = {isa = PBXBuildFile; fileRef = F732429818EB8047004227E7 /* CoreGraphics.framework */; };
		F732429B18EB8047004227E7 /* UIKit.framework in Frameworks */ = {isa = PBXBuildFile; fileRef = F732429A18EB8047004227E7 /* UIKit.framework */; };
		F73242A118EB8047004227E7 /* InfoPlist.strings in Resources */ = {isa = PBXBuildFile; fileRef = F732429F18EB8047004227E7 /* InfoPlist.strings */; };
		F73242A318EB8047004227E7 /* main.m in Sources */ = {isa = PBXBuildFile; fileRef = F73242A218EB8047004227E7 /* main.m */; };
		F73242A718EB8047004227E7 /* MessageAppDelegate.m in Sources */ = {isa = PBXBuildFile; fileRef = F73242A618EB8047004227E7 /* MessageAppDelegate.m */; };
		F73242AA18EB8047004227E7 /* Main_iPhone.storyboard in Resources */ = {isa = PBXBuildFile; fileRef = F73242A818EB8047004227E7 /* Main_iPhone.storyboard */; };
		F73242AD18EB8047004227E7 /* Main_iPad.storyboard in Resources */ = {isa = PBXBuildFile; fileRef = F73242AB18EB8047004227E7 /* Main_iPad.storyboard */; };
		F73242B018EB8047004227E7 /* MessageMasterViewController.m in Sources */ = {isa = PBXBuildFile; fileRef = F73242AF18EB8047004227E7 /* MessageMasterViewController.m */; };
		F73242B318EB8047004227E7 /* MessageDetailViewController.m in Sources */ = {isa = PBXBuildFile; fileRef = F73242B218EB8047004227E7 /* MessageDetailViewController.m */; };
		F73242B518EB8047004227E7 /* Images.xcassets in Resources */ = {isa = PBXBuildFile; fileRef = F73242B418EB8047004227E7 /* Images.xcassets */; };
		F73242BC18EB8047004227E7 /* XCTest.framework in Frameworks */ = {isa = PBXBuildFile; fileRef = F73242BB18EB8047004227E7 /* XCTest.framework */; };
		F73242BD18EB8047004227E7 /* Foundation.framework in Frameworks */ = {isa = PBXBuildFile; fileRef = F732429618EB8047004227E7 /* Foundation.framework */; };
		F73242BE18EB8047004227E7 /* UIKit.framework in Frameworks */ = {isa = PBXBuildFile; fileRef = F732429A18EB8047004227E7 /* UIKit.framework */; };
		F73242C618EB8047004227E7 /* InfoPlist.strings in Resources */ = {isa = PBXBuildFile; fileRef = F73242C418EB8047004227E7 /* InfoPlist.strings */; };
		F73242C818EB8047004227E7 /* WSUVMessageBoardTests.m in Sources */ = {isa = PBXBuildFile; fileRef = F73242C718EB8047004227E7 /* WSUVMessageBoardTests.m */; };
		F7D2420418F768E900E6305A /* AFHTTPRequestOperation.m in Sources */ = {isa = PBXBuildFile; fileRef = F7D241F218F768E900E6305A /* AFHTTPRequestOperation.m */; };
		F7D2420518F768E900E6305A /* AFHTTPRequestOperationManager.m in Sources */ = {isa = PBXBuildFile; fileRef = F7D241F418F768E900E6305A /* AFHTTPRequestOperationManager.m */; };
		F7D2420618F768E900E6305A /* AFHTTPSessionManager.m in Sources */ = {isa = PBXBuildFile; fileRef = F7D241F618F768E900E6305A /* AFHTTPSessionManager.m */; };
		F7D2420718F768E900E6305A /* AFNetworkReachabilityManager.m in Sources */ = {isa = PBXBuildFile; fileRef = F7D241F918F768E900E6305A /* AFNetworkReachabilityManager.m */; };
		F7D2420818F768E900E6305A /* AFSecurityPolicy.m in Sources */ = {isa = PBXBuildFile; fileRef = F7D241FB18F768E900E6305A /* AFSecurityPolicy.m */; };
		F7D2420918F768E900E6305A /* AFURLConnectionOperation.m in Sources */ = {isa = PBXBuildFile; fileRef = F7D241FD18F768E900E6305A /* AFURLConnectionOperation.m */; };
		F7D2420A18F768E900E6305A /* AFURLRequestSerialization.m in Sources */ = {isa = PBXBuildFile; fileRef = F7D241FF18F768E900E6305A /* AFURLRequestSerialization.m */; };
		F7D2420B18F768E900E6305A /* AFURLResponseSerialization.m in Sources */ = {isa = PBXBuildFile; fileRef = F7D2420118F768E900E6305A /* AFURLResponseSerialization.m */; };
		F7D2420C18F768E900E6305A /* AFURLSessionManager.m in Sources */ = {isa = PBXBuildFile; fileRef = F7D2420318F768E900E6305A /* AFURLSessionManager.m */; };
		F7D2421F18F768F700E6305A /* AFNetworkActivityIndicatorManager.m in Sources */ = {isa = PBXBuildFile; fileRef = F7D2420F18F768F700E6305A /* AFNetworkActivityIndicatorManager.m */; };
		F7D2422018F768F700E6305A /* UIActivityIndicatorView+AFNetworking.m in Sources */ = {isa = PBXBuildFile; fileRef = F7D2421118F768F700E6305A /* UIActivityIndicatorView+AFNetworking.m */; };
		F7D2422118F768F700E6305A /* UIAlertView+AFNetworking.m in Sources */ = {isa = PBXBuildFile; fileRef = F7D2421318F768F700E6305A /* UIAlertView+AFNetworking.m */; };
		F7D2422218F768F700E6305A /* UIButton+AFNetworking.m in Sources */ = {isa = PBXBuildFile; fileRef = F7D2421518F768F700E6305A /* UIButton+AFNetworking.m */; };
		F7D2422318F768F700E6305A /* UIImageView+AFNetworking.m in Sources */ = {isa = PBXBuildFile; fileRef = F7D2421718F768F700E6305A /* UIImageView+AFNetworking.m */; };
		F7D2422418F768F700E6305A /* UIProgressView+AFNetworking.m in Sources */ = {isa = PBXBuildFile; fileRef = F7D2421A18F768F700E6305A /* UIProgressView+AFNetworking.m */; };
		F7D2422518F768F700E6305A /* UIRefreshControl+AFNetworking.m in Sources */ = {isa = PBXBuildFile; fileRef = F7D2421C18F768F700E6305A /* UIRefreshControl+AFNetworking.m */; };
		F7D2422618F768F700E6305A /* UIWebView+AFNetworking.m in Sources */ = {isa = PBXBuildFile; fileRef = F7D2421E18F768F700E6305A /* UIWebView+AFNetworking.m */; };
		F7F0A9CE18F4A84400BBF7D5 /* Tweet.m in Sources */ = {isa = PBXBuildFile; fileRef = F7F0A9CD18F4A84400BBF7D5 /* Tweet.m */; };
/* End PBXBuildFile section */

/* Begin PBXContainerItemProxy section */
		F73242BF18EB8047004227E7 /* PBXContainerItemProxy */ = {
			isa = PBXContainerItemProxy;
			containerPortal = F732428B18EB8047004227E7 /* Project object */;
			proxyType = 1;
			remoteGlobalIDString = F732429218EB8047004227E7;
			remoteInfo = WSUVMessageBoard;
		};
/* End PBXContainerItemProxy section */

/* Begin PBXFileReference section */
		F732429318EB8047004227E7 /* WSUVMessageBoard.app */ = {isa = PBXFileReference; explicitFileType = wrapper.application; includeInIndex = 0; path = WSUVMessageBoard.app; sourceTree = BUILT_PRODUCTS_DIR; };
		F732429618EB8047004227E7 /* Foundation.framework */ = {isa = PBXFileReference; lastKnownFileType = wrapper.framework; name = Foundation.framework; path = System/Library/Frameworks/Foundation.framework; sourceTree = SDKROOT; };
		F732429818EB8047004227E7 /* CoreGraphics.framework */ = {isa = PBXFileReference; lastKnownFileType = wrapper.framework; name = CoreGraphics.framework; path = System/Library/Frameworks/CoreGraphics.framework; sourceTree = SDKROOT; };
		F732429A18EB8047004227E7 /* UIKit.framework */ = {isa = PBXFileReference; lastKnownFileType = wrapper.framework; name = UIKit.framework; path = System/Library/Frameworks/UIKit.framework; sourceTree = SDKROOT; };
		F732429E18EB8047004227E7 /* WSUVMessageBoard-Info.plist */ = {isa = PBXFileReference; lastKnownFileType = text.plist.xml; path = "WSUVMessageBoard-Info.plist"; sourceTree = "<group>"; };
		F73242A018EB8047004227E7 /* en */ = {isa = PBXFileReference; lastKnownFileType = text.plist.strings; name = en; path = en.lproj/InfoPlist.strings; sourceTree = "<group>"; };
		F73242A218EB8047004227E7 /* main.m */ = {isa = PBXFileReference; lastKnownFileType = sourcecode.c.objc; path = main.m; sourceTree = "<group>"; };
		F73242A418EB8047004227E7 /* WSUVMessageBoard-Prefix.pch */ = {isa = PBXFileReference; lastKnownFileType = sourcecode.c.h; path = "WSUVMessageBoard-Prefix.pch"; sourceTree = "<group>"; };
		F73242A518EB8047004227E7 /* MessageAppDelegate.h */ = {isa = PBXFileReference; lastKnownFileType = sourcecode.c.h; path = MessageAppDelegate.h; sourceTree = "<group>"; };
		F73242A618EB8047004227E7 /* MessageAppDelegate.m */ = {isa = PBXFileReference; lastKnownFileType = sourcecode.c.objc; path = MessageAppDelegate.m; sourceTree = "<group>"; };
		F73242A918EB8047004227E7 /* Base */ = {isa = PBXFileReference; lastKnownFileType = file.storyboard; name = Base; path = Base.lproj/Main_iPhone.storyboard; sourceTree = "<group>"; };
		F73242AC18EB8047004227E7 /* Base */ = {isa = PBXFileReference; lastKnownFileType = file.storyboard; name = Base; path = Base.lproj/Main_iPad.storyboard; sourceTree = "<group>"; };
		F73242AE18EB8047004227E7 /* MessageMasterViewController.h */ = {isa = PBXFileReference; lastKnownFileType = sourcecode.c.h; path = MessageMasterViewController.h; sourceTree = "<group>"; };
		F73242AF18EB8047004227E7 /* MessageMasterViewController.m */ = {isa = PBXFileReference; lastKnownFileType = sourcecode.c.objc; path = MessageMasterViewController.m; sourceTree = "<group>"; };
		F73242B118EB8047004227E7 /* MessageDetailViewController.h */ = {isa = PBXFileReference; lastKnownFileType = sourcecode.c.h; path = MessageDetailViewController.h; sourceTree = "<group>"; };
		F73242B218EB8047004227E7 /* MessageDetailViewController.m */ = {isa = PBXFileReference; lastKnownFileType = sourcecode.c.objc; path = MessageDetailViewController.m; sourceTree = "<group>"; };
		F73242B418EB8047004227E7 /* Images.xcassets */ = {isa = PBXFileReference; lastKnownFileType = folder.assetcatalog; path = Images.xcassets; sourceTree = "<group>"; };
		F73242BA18EB8047004227E7 /* WSUVMessageBoardTests.xctest */ = {isa = PBXFileReference; explicitFileType = wrapper.cfbundle; includeInIndex = 0; path = WSUVMessageBoardTests.xctest; sourceTree = BUILT_PRODUCTS_DIR; };
		F73242BB18EB8047004227E7 /* XCTest.framework */ = {isa = PBXFileReference; lastKnownFileType = wrapper.framework; name = XCTest.framework; path = Library/Frameworks/XCTest.framework; sourceTree = DEVELOPER_DIR; };
		F73242C318EB8047004227E7 /* WSUVMessageBoardTests-Info.plist */ = {isa = PBXFileReference; lastKnownFileType = text.plist.xml; path = "WSUVMessageBoardTests-Info.plist"; sourceTree = "<group>"; };
		F73242C518EB8047004227E7 /* en */ = {isa = PBXFileReference; lastKnownFileType = text.plist.strings; name = en; path = en.lproj/InfoPlist.strings; sourceTree = "<group>"; };
		F73242C718EB8047004227E7 /* WSUVMessageBoardTests.m */ = {isa = PBXFileReference; lastKnownFileType = sourcecode.c.objc; path = WSUVMessageBoardTests.m; sourceTree = "<group>"; };
		F7D241F118F768E900E6305A /* AFHTTPRequestOperation.h */ = {isa = PBXFileReference; fileEncoding = 4; lastKnownFileType = sourcecode.c.h; path = AFHTTPRequestOperation.h; sourceTree = "<group>"; };
		F7D241F218F768E900E6305A /* AFHTTPRequestOperation.m */ = {isa = PBXFileReference; fileEncoding = 4; lastKnownFileType = sourcecode.c.objc; path = AFHTTPRequestOperation.m; sourceTree = "<group>"; };
		F7D241F318F768E900E6305A /* AFHTTPRequestOperationManager.h */ = {isa = PBXFileReference; fileEncoding = 4; lastKnownFileType = sourcecode.c.h; path = AFHTTPRequestOperationManager.h; sourceTree = "<group>"; };
		F7D241F418F768E900E6305A /* AFHTTPRequestOperationManager.m */ = {isa = PBXFileReference; fileEncoding = 4; lastKnownFileType = sourcecode.c.objc; path = AFHTTPRequestOperationManager.m; sourceTree = "<group>"; };
		F7D241F518F768E900E6305A /* AFHTTPSessionManager.h */ = {isa = PBXFileReference; fileEncoding = 4; lastKnownFileType = sourcecode.c.h; path = AFHTTPSessionManager.h; sourceTree = "<group>"; };
		F7D241F618F768E900E6305A /* AFHTTPSessionManager.m */ = {isa = PBXFileReference; fileEncoding = 4; lastKnownFileType = sourcecode.c.objc; path = AFHTTPSessionManager.m; sourceTree = "<group>"; };
		F7D241F718F768E900E6305A /* AFNetworking.h */ = {isa = PBXFileReference; fileEncoding = 4; lastKnownFileType = sourcecode.c.h; path = AFNetworking.h; sourceTree = "<group>"; };
		F7D241F818F768E900E6305A /* AFNetworkReachabilityManager.h */ = {isa = PBXFileReference; fileEncoding = 4; lastKnownFileType = sourcecode.c.h; path = AFNetworkReachabilityManager.h; sourceTree = "<group>"; };
		F7D241F918F768E900E6305A /* AFNetworkReachabilityManager.m */ = {isa = PBXFileReference; fileEncoding = 4; lastKnownFileType = sourcecode.c.objc; path = AFNetworkReachabilityManager.m; sourceTree = "<group>"; };
		F7D241FA18F768E900E6305A /* AFSecurityPolicy.h */ = {isa = PBXFileReference; fileEncoding = 4; lastKnownFileType = sourcecode.c.h; path = AFSecurityPolicy.h; sourceTree = "<group>"; };
		F7D241FB18F768E900E6305A /* AFSecurityPolicy.m */ = {isa = PBXFileReference; fileEncoding = 4; lastKnownFileType = sourcecode.c.objc; path = AFSecurityPolicy.m; sourceTree = "<group>"; };
		F7D241FC18F768E900E6305A /* AFURLConnectionOperation.h */ = {isa = PBXFileReference; fileEncoding = 4; lastKnownFileType = sourcecode.c.h; path = AFURLConnectionOperation.h; sourceTree = "<group>"; };
		F7D241FD18F768E900E6305A /* AFURLConnectionOperation.m */ = {isa = PBXFileReference; fileEncoding = 4; lastKnownFileType = sourcecode.c.objc; path = AFURLConnectionOperation.m; sourceTree = "<group>"; };
		F7D241FE18F768E900E6305A /* AFURLRequestSerialization.h */ = {isa = PBXFileReference; fileEncoding = 4; lastKnownFileType = sourcecode.c.h; path = AFURLRequestSerialization.h; sourceTree = "<group>"; };
		F7D241FF18F768E900E6305A /* AFURLRequestSerialization.m */ = {isa = PBXFileReference; fileEncoding = 4; lastKnownFileType = sourcecode.c.objc; path = AFURLRequestSerialization.m; sourceTree = "<group>"; };
		F7D2420018F768E900E6305A /* AFURLResponseSerialization.h */ = {isa = PBXFileReference; fileEncoding = 4; lastKnownFileType = sourcecode.c.h; path = AFURLResponseSerialization.h; sourceTree = "<group>"; };
		F7D2420118F768E900E6305A /* AFURLResponseSerialization.m */ = {isa = PBXFileReference; fileEncoding = 4; lastKnownFileType = sourcecode.c.objc; path = AFURLResponseSerialization.m; sourceTree = "<group>"; };
		F7D2420218F768E900E6305A /* AFURLSessionManager.h */ = {isa = PBXFileReference; fileEncoding = 4; lastKnownFileType = sourcecode.c.h; path = AFURLSessionManager.h; sourceTree = "<group>"; };
		F7D2420318F768E900E6305A /* AFURLSessionManager.m */ = {isa = PBXFileReference; fileEncoding = 4; lastKnownFileType = sourcecode.c.objc; path = AFURLSessionManager.m; sourceTree = "<group>"; };
		F7D2420E18F768F700E6305A /* AFNetworkActivityIndicatorManager.h */ = {isa = PBXFileReference; fileEncoding = 4; lastKnownFileType = sourcecode.c.h; path = AFNetworkActivityIndicatorManager.h; sourceTree = "<group>"; };
		F7D2420F18F768F700E6305A /* AFNetworkActivityIndicatorManager.m */ = {isa = PBXFileReference; fileEncoding = 4; lastKnownFileType = sourcecode.c.objc; path = AFNetworkActivityIndicatorManager.m; sourceTree = "<group>"; };
		F7D2421018F768F700E6305A /* UIActivityIndicatorView+AFNetworking.h */ = {isa = PBXFileReference; fileEncoding = 4; lastKnownFileType = sourcecode.c.h; path = "UIActivityIndicatorView+AFNetworking.h"; sourceTree = "<group>"; };
		F7D2421118F768F700E6305A /* UIActivityIndicatorView+AFNetworking.m */ = {isa = PBXFileReference; fileEncoding = 4; lastKnownFileType = sourcecode.c.objc; path = "UIActivityIndicatorView+AFNetworking.m"; sourceTree = "<group>"; };
		F7D2421218F768F700E6305A /* UIAlertView+AFNetworking.h */ = {isa = PBXFileReference; fileEncoding = 4; lastKnownFileType = sourcecode.c.h; path = "UIAlertView+AFNetworking.h"; sourceTree = "<group>"; };
		F7D2421318F768F700E6305A /* UIAlertView+AFNetworking.m */ = {isa = PBXFileReference; fileEncoding = 4; lastKnownFileType = sourcecode.c.objc; path = "UIAlertView+AFNetworking.m"; sourceTree = "<group>"; };
		F7D2421418F768F700E6305A /* UIButton+AFNetworking.h */ = {isa = PBXFileReference; fileEncoding = 4; lastKnownFileType = sourcecode.c.h; path = "UIButton+AFNetworking.h"; sourceTree = "<group>"; };
		F7D2421518F768F700E6305A /* UIButton+AFNetworking.m */ = {isa = PBXFileReference; fileEncoding = 4; lastKnownFileType = sourcecode.c.objc; path = "UIButton+AFNetworking.m"; sourceTree = "<group>"; };
		F7D2421618F768F700E6305A /* UIImageView+AFNetworking.h */ = {isa = PBXFileReference; fileEncoding = 4; lastKnownFileType = sourcecode.c.h; path = "UIImageView+AFNetworking.h"; sourceTree = "<group>"; };
		F7D2421718F768F700E6305A /* UIImageView+AFNetworking.m */ = {isa = PBXFileReference; fileEncoding = 4; lastKnownFileType = sourcecode.c.objc; path = "UIImageView+AFNetworking.m"; sourceTree = "<group>"; };
		F7D2421818F768F700E6305A /* UIKit+AFNetworking.h */ = {isa = PBXFileReference; fileEncoding = 4; lastKnownFileType = sourcecode.c.h; path = "UIKit+AFNetworking.h"; sourceTree = "<group>"; };
		F7D2421918F768F700E6305A /* UIProgressView+AFNetworking.h */ = {isa = PBXFileReference; fileEncoding = 4; lastKnownFileType = sourcecode.c.h; path = "UIProgressView+AFNetworking.h"; sourceTree = "<group>"; };
		F7D2421A18F768F700E6305A /* UIProgressView+AFNetworking.m */ = {isa = PBXFileReference; fileEncoding = 4; lastKnownFileType = sourcecode.c.objc; path = "UIProgressView+AFNetworking.m"; sourceTree = "<group>"; };
		F7D2421B18F768F700E6305A /* UIRefreshControl+AFNetworking.h */ = {isa = PBXFileReference; fileEncoding = 4; lastKnownFileType = sourcecode.c.h; path = "UIRefreshControl+AFNetworking.h"; sourceTree = "<group>"; };
		F7D2421C18F768F700E6305A /* UIRefreshControl+AFNetworking.m */ = {isa = PBXFileReference; fileEncoding = 4; lastKnownFileType = sourcecode.c.objc; path = "UIRefreshControl+AFNetworking.m"; sourceTree = "<group>"; };
		F7D2421D18F768F700E6305A /* UIWebView+AFNetworking.h */ = {isa = PBXFileReference; fileEncoding = 4; lastKnownFileType = sourcecode.c.h; path = "UIWebView+AFNetworking.h"; sourceTree = "<group>"; };
		F7D2421E18F768F700E6305A /* UIWebView+AFNetworking.m */ = {isa = PBXFileReference; fileEncoding = 4; lastKnownFileType = sourcecode.c.objc; path = "UIWebView+AFNetworking.m"; sourceTree = "<group>"; };
		F7F0A9CC18F4A84400BBF7D5 /* Tweet.h */ = {isa = PBXFileReference; fileEncoding = 4; lastKnownFileType = sourcecode.c.h; path = Tweet.h; sourceTree = "<group>"; };
		F7F0A9CD18F4A84400BBF7D5 /* Tweet.m */ = {isa = PBXFileReference; fileEncoding = 4; lastKnownFileType = sourcecode.c.objc; path = Tweet.m; sourceTree = "<group>"; };
/* End PBXFileReference section */

/* Begin PBXFrameworksBuildPhase section */
		F732429018EB8047004227E7 /* Frameworks */ = {
			isa = PBXFrameworksBuildPhase;
			buildActionMask = 2147483647;
			files = (
				F732429918EB8047004227E7 /* CoreGraphics.framework in Frameworks */,
				F732429B18EB8047004227E7 /* UIKit.framework in Frameworks */,
				F732429718EB8047004227E7 /* Foundation.framework in Frameworks */,
			);
			runOnlyForDeploymentPostprocessing = 0;
		};
		F73242B718EB8047004227E7 /* Frameworks */ = {
			isa = PBXFrameworksBuildPhase;
			buildActionMask = 2147483647;
			files = (
				F73242BC18EB8047004227E7 /* XCTest.framework in Frameworks */,
				F73242BE18EB8047004227E7 /* UIKit.framework in Frameworks */,
				F73242BD18EB8047004227E7 /* Foundation.framework in Frameworks */,
			);
			runOnlyForDeploymentPostprocessing = 0;
		};
/* End PBXFrameworksBuildPhase section */

/* Begin PBXGroup section */
		F732428A18EB8047004227E7 = {
			isa = PBXGroup;
			children = (
				F732429C18EB8047004227E7 /* WSUVMessageBoard */,
				F73242C118EB8047004227E7 /* WSUVMessageBoardTests */,
				F732429518EB8047004227E7 /* Frameworks */,
				F732429418EB8047004227E7 /* Products */,
			);
			sourceTree = "<group>";
		};
		F732429418EB8047004227E7 /* Products */ = {
			isa = PBXGroup;
			children = (
				F732429318EB8047004227E7 /* WSUVMessageBoard.app */,
				F73242BA18EB8047004227E7 /* WSUVMessageBoardTests.xctest */,
			);
			name = Products;
			sourceTree = "<group>";
		};
		F732429518EB8047004227E7 /* Frameworks */ = {
			isa = PBXGroup;
			children = (
				F732429618EB8047004227E7 /* Foundation.framework */,
				F732429818EB8047004227E7 /* CoreGraphics.framework */,
				F732429A18EB8047004227E7 /* UIKit.framework */,
				F73242BB18EB8047004227E7 /* XCTest.framework */,
			);
			name = Frameworks;
			sourceTree = "<group>";
		};
		F732429C18EB8047004227E7 /* WSUVMessageBoard */ = {
			isa = PBXGroup;
			children = (
				F73242A518EB8047004227E7 /* MessageAppDelegate.h */,
				F73242A618EB8047004227E7 /* MessageAppDelegate.m */,
				F73242A818EB8047004227E7 /* Main_iPhone.storyboard */,
				F73242AB18EB8047004227E7 /* Main_iPad.storyboard */,
				F73242AE18EB8047004227E7 /* MessageMasterViewController.h */,
				F73242AF18EB8047004227E7 /* MessageMasterViewController.m */,
				F73242B118EB8047004227E7 /* MessageDetailViewController.h */,
				F73242B218EB8047004227E7 /* MessageDetailViewController.m */,
				F7F0A9CC18F4A84400BBF7D5 /* Tweet.h */,
				F7F0A9CD18F4A84400BBF7D5 /* Tweet.m */,
				F7D2420D18F768F700E6305A /* UIKit+AFNetworking */,
				F7D241F018F768E900E6305A /* AFNetworking */,
				F73242B418EB8047004227E7 /* Images.xcassets */,
				F732429D18EB8047004227E7 /* Supporting Files */,
			);
			path = WSUVMessageBoard;
			sourceTree = "<group>";
		};
		F732429D18EB8047004227E7 /* Supporting Files */ = {
			isa = PBXGroup;
			children = (
				F732429E18EB8047004227E7 /* WSUVMessageBoard-Info.plist */,
				F732429F18EB8047004227E7 /* InfoPlist.strings */,
				F73242A218EB8047004227E7 /* main.m */,
				F73242A418EB8047004227E7 /* WSUVMessageBoard-Prefix.pch */,
			);
			name = "Supporting Files";
			sourceTree = "<group>";
		};
		F73242C118EB8047004227E7 /* WSUVMessageBoardTests */ = {
			isa = PBXGroup;
			children = (
				F73242C718EB8047004227E7 /* WSUVMessageBoardTests.m */,
				F73242C218EB8047004227E7 /* Supporting Files */,
			);
			path = WSUVMessageBoardTests;
			sourceTree = "<group>";
		};
		F73242C218EB8047004227E7 /* Supporting Files */ = {
			isa = PBXGroup;
			children = (
				F73242C318EB8047004227E7 /* WSUVMessageBoardTests-Info.plist */,
				F73242C418EB8047004227E7 /* InfoPlist.strings */,
			);
			name = "Supporting Files";
			sourceTree = "<group>";
		};
		F7D241F018F768E900E6305A /* AFNetworking */ = {
			isa = PBXGroup;
			children = (
				F7D241F118F768E900E6305A /* AFHTTPRequestOperation.h */,
				F7D241F218F768E900E6305A /* AFHTTPRequestOperation.m */,
				F7D241F318F768E900E6305A /* AFHTTPRequestOperationManager.h */,
				F7D241F418F768E900E6305A /* AFHTTPRequestOperationManager.m */,
				F7D241F518F768E900E6305A /* AFHTTPSessionManager.h */,
				F7D241F618F768E900E6305A /* AFHTTPSessionManager.m */,
				F7D241F718F768E900E6305A /* AFNetworking.h */,
				F7D241F818F768E900E6305A /* AFNetworkReachabilityManager.h */,
				F7D241F918F768E900E6305A /* AFNetworkReachabilityManager.m */,
				F7D241FA18F768E900E6305A /* AFSecurityPolicy.h */,
				F7D241FB18F768E900E6305A /* AFSecurityPolicy.m */,
				F7D241FC18F768E900E6305A /* AFURLConnectionOperation.h */,
				F7D241FD18F768E900E6305A /* AFURLConnectionOperation.m */,
				F7D241FE18F768E900E6305A /* AFURLRequestSerialization.h */,
				F7D241FF18F768E900E6305A /* AFURLRequestSerialization.m */,
				F7D2420018F768E900E6305A /* AFURLResponseSerialization.h */,
				F7D2420118F768E900E6305A /* AFURLResponseSerialization.m */,
				F7D2420218F768E900E6305A /* AFURLSessionManager.h */,
				F7D2420318F768E900E6305A /* AFURLSessionManager.m */,
			);
			path = AFNetworking;
			sourceTree = "<group>";
		};
		F7D2420D18F768F700E6305A /* UIKit+AFNetworking */ = {
			isa = PBXGroup;
			children = (
				F7D2420E18F768F700E6305A /* AFNetworkActivityIndicatorManager.h */,
				F7D2420F18F768F700E6305A /* AFNetworkActivityIndicatorManager.m */,
				F7D2421018F768F700E6305A /* UIActivityIndicatorView+AFNetworking.h */,
				F7D2421118F768F700E6305A /* UIActivityIndicatorView+AFNetworking.m */,
				F7D2421218F768F700E6305A /* UIAlertView+AFNetworking.h */,
				F7D2421318F768F700E6305A /* UIAlertView+AFNetworking.m */,
				F7D2421418F768F700E6305A /* UIButton+AFNetworking.h */,
				F7D2421518F768F700E6305A /* UIButton+AFNetworking.m */,
				F7D2421618F768F700E6305A /* UIImageView+AFNetworking.h */,
				F7D2421718F768F700E6305A /* UIImageView+AFNetworking.m */,
				F7D2421818F768F700E6305A /* UIKit+AFNetworking.h */,
				F7D2421918F768F700E6305A /* UIProgressView+AFNetworking.h */,
				F7D2421A18F768F700E6305A /* UIProgressView+AFNetworking.m */,
				F7D2421B18F768F700E6305A /* UIRefreshControl+AFNetworking.h */,
				F7D2421C18F768F700E6305A /* UIRefreshControl+AFNetworking.m */,
				F7D2421D18F768F700E6305A /* UIWebView+AFNetworking.h */,
				F7D2421E18F768F700E6305A /* UIWebView+AFNetworking.m */,
			);
			path = "UIKit+AFNetworking";
			sourceTree = "<group>";
		};
/* End PBXGroup section */

/* Begin PBXNativeTarget section */
		F732429218EB8047004227E7 /* WSUVMessageBoard */ = {
			isa = PBXNativeTarget;
			buildConfigurationList = F73242CB18EB8047004227E7 /* Build configuration list for PBXNativeTarget "WSUVMessageBoard" */;
			buildPhases = (
				F732428F18EB8047004227E7 /* Sources */,
				F732429018EB8047004227E7 /* Frameworks */,
				F732429118EB8047004227E7 /* Resources */,
			);
			buildRules = (
			);
			dependencies = (
			);
			name = WSUVMessageBoard;
			productName = WSUVMessageBoard;
			productReference = F732429318EB8047004227E7 /* WSUVMessageBoard.app */;
			productType = "com.apple.product-type.application";
		};
		F73242B918EB8047004227E7 /* WSUVMessageBoardTests */ = {
			isa = PBXNativeTarget;
			buildConfigurationList = F73242CE18EB8047004227E7 /* Build configuration list for PBXNativeTarget "WSUVMessageBoardTests" */;
			buildPhases = (
				F73242B618EB8047004227E7 /* Sources */,
				F73242B718EB8047004227E7 /* Frameworks */,
				F73242B818EB8047004227E7 /* Resources */,
			);
			buildRules = (
			);
			dependencies = (
				F73242C018EB8047004227E7 /* PBXTargetDependency */,
			);
			name = WSUVMessageBoardTests;
			productName = WSUVMessageBoardTests;
			productReference = F73242BA18EB8047004227E7 /* WSUVMessageBoardTests.xctest */;
			productType = "com.apple.product-type.bundle.unit-test";
		};
/* End PBXNativeTarget section */

/* Begin PBXProject section */
		F732428B18EB8047004227E7 /* Project object */ = {
			isa = PBXProject;
			attributes = {
				CLASSPREFIX = Message;
				LastUpgradeCheck = 0510;
				ORGANIZATIONNAME = WSUV;
				TargetAttributes = {
					F73242B918EB8047004227E7 = {
						TestTargetID = F732429218EB8047004227E7;
					};
				};
			};
			buildConfigurationList = F732428E18EB8047004227E7 /* Build configuration list for PBXProject "WSUVMessageBoard" */;
			compatibilityVersion = "Xcode 3.2";
			developmentRegion = English;
			hasScannedForEncodings = 0;
			knownRegions = (
				en,
				Base,
			);
			mainGroup = F732428A18EB8047004227E7;
			productRefGroup = F732429418EB8047004227E7 /* Products */;
			projectDirPath = "";
			projectRoot = "";
			targets = (
				F732429218EB8047004227E7 /* WSUVMessageBoard */,
				F73242B918EB8047004227E7 /* WSUVMessageBoardTests */,
			);
		};
/* End PBXProject section */

/* Begin PBXResourcesBuildPhase section */
		F732429118EB8047004227E7 /* Resources */ = {
			isa = PBXResourcesBuildPhase;
			buildActionMask = 2147483647;
			files = (
				F73242AD18EB8047004227E7 /* Main_iPad.storyboard in Resources */,
				F73242B518EB8047004227E7 /* Images.xcassets in Resources */,
				F73242AA18EB8047004227E7 /* Main_iPhone.storyboard in Resources */,
				F73242A118EB8047004227E7 /* InfoPlist.strings in Resources */,
			);
			runOnlyForDeploymentPostprocessing = 0;
		};
		F73242B818EB8047004227E7 /* Resources */ = {
			isa = PBXResourcesBuildPhase;
			buildActionMask = 2147483647;
			files = (
				F73242C618EB8047004227E7 /* InfoPlist.strings in Resources */,
			);
			runOnlyForDeploymentPostprocessing = 0;
		};
/* End PBXResourcesBuildPhase section */

/* Begin PBXSourcesBuildPhase section */
		F732428F18EB8047004227E7 /* Sources */ = {
			isa = PBXSourcesBuildPhase;
			buildActionMask = 2147483647;
			files = (
				F7D2420918F768E900E6305A /* AFURLConnectionOperation.m in Sources */,
				F7D2420418F768E900E6305A /* AFHTTPRequestOperation.m in Sources */,
				F7D2422218F768F700E6305A /* UIButton+AFNetworking.m in Sources */,
				F7D2420718F768E900E6305A /* AFNetworkReachabilityManager.m in Sources */,
				F7D2422418F768F700E6305A /* UIProgressView+AFNetworking.m in Sources */,
				F7D2420C18F768E900E6305A /* AFURLSessionManager.m in Sources */,
				F7D2420A18F768E900E6305A /* AFURLRequestSerialization.m in Sources */,
				F73242A718EB8047004227E7 /* MessageAppDelegate.m in Sources */,
				F7D2422518F768F700E6305A /* UIRefreshControl+AFNetworking.m in Sources */,
				F7D2420B18F768E900E6305A /* AFURLResponseSerialization.m in Sources */,
				F73242A318EB8047004227E7 /* main.m in Sources */,
				F7D2422318F768F700E6305A /* UIImageView+AFNetworking.m in Sources */,
				F7F0A9CE18F4A84400BBF7D5 /* Tweet.m in Sources */,
				F7D2422118F768F700E6305A /* UIAlertView+AFNetworking.m in Sources */,
				F7D2420518F768E900E6305A /* AFHTTPRequestOperationManager.m in Sources */,
				F7D2420818F768E900E6305A /* AFSecurityPolicy.m in Sources */,
				F7D2422618F768F700E6305A /* UIWebView+AFNetworking.m in Sources */,
				F73242B018EB8047004227E7 /* MessageMasterViewController.m in Sources */,
				F73242B318EB8047004227E7 /* MessageDetailViewController.m in Sources */,
				F7D2420618F768E900E6305A /* AFHTTPSessionManager.m in Sources */,
				F7D2422018F768F700E6305A /* UIActivityIndicatorView+AFNetworking.m in Sources */,
				F7D2421F18F768F700E6305A /* AFNetworkActivityIndicatorManager.m in Sources */,
			);
			runOnlyForDeploymentPostprocessing = 0;
		};
		F73242B618EB8047004227E7 /* Sources */ = {
			isa = PBXSourcesBuildPhase;
			buildActionMask = 2147483647;
			files = (
				F73242C818EB8047004227E7 /* WSUVMessageBoardTests.m in Sources */,
			);
			runOnlyForDeploymentPostprocessing = 0;
		};
/* End PBXSourcesBuildPhase section */

/* Begin PBXTargetDependency section */
		F73242C018EB8047004227E7 /* PBXTargetDependency */ = {
			isa = PBXTargetDependency;
			target = F732429218EB8047004227E7 /* WSUVMessageBoard */;
			targetProxy = F73242BF18EB8047004227E7 /* PBXContainerItemProxy */;
		};
/* End PBXTargetDependency section */

/* Begin PBXVariantGroup section */
		F732429F18EB8047004227E7 /* InfoPlist.strings */ = {
			isa = PBXVariantGroup;
			children = (
				F73242A018EB8047004227E7 /* en */,
			);
			name = InfoPlist.strings;
			sourceTree = "<group>";
		};
		F73242A818EB8047004227E7 /* Main_iPhone.storyboard */ = {
			isa = PBXVariantGroup;
			children = (
				F73242A918EB8047004227E7 /* Base */,
			);
			name = Main_iPhone.storyboard;
			sourceTree = "<group>";
		};
		F73242AB18EB8047004227E7 /* Main_iPad.storyboard */ = {
			isa = PBXVariantGroup;
			children = (
				F73242AC18EB8047004227E7 /* Base */,
			);
			name = Main_iPad.storyboard;
			sourceTree = "<group>";
		};
		F73242C418EB8047004227E7 /* InfoPlist.strings */ = {
			isa = PBXVariantGroup;
			children = (
				F73242C518EB8047004227E7 /* en */,
			);
			name = InfoPlist.strings;
			sourceTree = "<group>";
		};
/* End PBXVariantGroup section */

/* Begin XCBuildConfiguration section */
		F73242C918EB8047004227E7 /* Debug */ = {
			isa = XCBuildConfiguration;
			buildSettings = {
				ALWAYS_SEARCH_USER_PATHS = NO;
				CLANG_CXX_LANGUAGE_STANDARD = "gnu++0x";
				CLANG_CXX_LIBRARY = "libc++";
				CLANG_ENABLE_MODULES = YES;
				CLANG_ENABLE_OBJC_ARC = YES;
				CLANG_WARN_BOOL_CONVERSION = YES;
				CLANG_WARN_CONSTANT_CONVERSION = YES;
				CLANG_WARN_DIRECT_OBJC_ISA_USAGE = YES_ERROR;
				CLANG_WARN_EMPTY_BODY = YES;
				CLANG_WARN_ENUM_CONVERSION = YES;
				CLANG_WARN_INT_CONVERSION = YES;
				CLANG_WARN_OBJC_ROOT_CLASS = YES_ERROR;
				CLANG_WARN__DUPLICATE_METHOD_MATCH = YES;
				"CODE_SIGN_IDENTITY[sdk=iphoneos*]" = "iPhone Developer";
				COPY_PHASE_STRIP = NO;
				GCC_C_LANGUAGE_STANDARD = gnu99;
				GCC_DYNAMIC_NO_PIC = NO;
				GCC_OPTIMIZATION_LEVEL = 0;
				GCC_PREPROCESSOR_DEFINITIONS = (
					"DEBUG=1",
					"$(inherited)",
				);
				GCC_SYMBOLS_PRIVATE_EXTERN = NO;
				GCC_WARN_64_TO_32_BIT_CONVERSION = YES;
				GCC_WARN_ABOUT_RETURN_TYPE = YES_ERROR;
				GCC_WARN_UNDECLARED_SELECTOR = YES;
				GCC_WARN_UNINITIALIZED_AUTOS = YES_AGGRESSIVE;
				GCC_WARN_UNUSED_FUNCTION = YES;
				GCC_WARN_UNUSED_VARIABLE = YES;
				IPHONEOS_DEPLOYMENT_TARGET = 7.1;
				ONLY_ACTIVE_ARCH = YES;
				SDKROOT = iphoneos;
				TARGETED_DEVICE_FAMILY = "1,2";
			};
			name = Debug;
		};
		F73242CA18EB8047004227E7 /* Release */ = {
			isa = XCBuildConfiguration;
			buildSettings = {
				ALWAYS_SEARCH_USER_PATHS = NO;
				CLANG_CXX_LANGUAGE_STANDARD = "gnu++0x";
				CLANG_CXX_LIBRARY = "libc++";
				CLANG_ENABLE_MODULES = YES;
				CLANG_ENABLE_OBJC_ARC = YES;
				CLANG_WARN_BOOL_CONVERSION = YES;
				CLANG_WARN_CONSTANT_CONVERSION = YES;
				CLANG_WARN_DIRECT_OBJC_ISA_USAGE = YES_ERROR;
				CLANG_WARN_EMPTY_BODY = YES;
				CLANG_WARN_ENUM_CONVERSION = YES;
				CLANG_WARN_INT_CONVERSION = YES;
				CLANG_WARN_OBJC_ROOT_CLASS = YES_ERROR;
				CLANG_WARN__DUPLICATE_METHOD_MATCH = YES;
				"CODE_SIGN_IDENTITY[sdk=iphoneos*]" = "iPhone Developer";
				COPY_PHASE_STRIP = YES;
				ENABLE_NS_ASSERTIONS = NO;
				GCC_C_LANGUAGE_STANDARD = gnu99;
				GCC_WARN_64_TO_32_BIT_CONVERSION = YES;
				GCC_WARN_ABOUT_RETURN_TYPE = YES_ERROR;
				GCC_WARN_UNDECLARED_SELECTOR = YES;
				GCC_WARN_UNINITIALIZED_AUTOS = YES_AGGRESSIVE;
				GCC_WARN_UNUSED_FUNCTION = YES;
				GCC_WARN_UNUSED_VARIABLE = YES;
				IPHONEOS_DEPLOYMENT_TARGET = 7.1;
				SDKROOT = iphoneos;
				TARGETED_DEVICE_FAMILY = "1,2";
				VALIDATE_PRODUCT = YES;
			};
			name = Release;
		};
		F73242CC18EB8047004227E7 /* Debug */ = {
			isa = XCBuildConfiguration;
			buildSettings = {
				ASSETCATALOG_COMPILER_APPICON_NAME = AppIcon;
				ASSETCATALOG_COMPILER_LAUNCHIMAGE_NAME = LaunchImage;
				GCC_PRECOMPILE_PREFIX_HEADER = YES;
				GCC_PREFIX_HEADER = "WSUVMessageBoard/WSUVMessageBoard-Prefix.pch";
				INFOPLIST_FILE = "WSUVMessageBoard/WSUVMessageBoard-Info.plist";
				PRODUCT_NAME = "$(TARGET_NAME)";
				WRAPPER_EXTENSION = app;
			};
			name = Debug;
		};
		F73242CD18EB8047004227E7 /* Release */ = {
			isa = XCBuildConfiguration;
			buildSettings = {
				ASSETCATALOG_COMPILER_APPICON_NAME = AppIcon;
				ASSETCATALOG_COMPILER_LAUNCHIMAGE_NAME = LaunchImage;
				GCC_PRECOMPILE_PREFIX_HEADER = YES;
				GCC_PREFIX_HEADER = "WSUVMessageBoard/WSUVMessageBoard-Prefix.pch";
				INFOPLIST_FILE = "WSUVMessageBoard/WSUVMessageBoard-Info.plist";
				PRODUCT_NAME = "$(TARGET_NAME)";
				WRAPPER_EXTENSION = app;
			};
			name = Release;
		};
		F73242CF18EB8047004227E7 /* Debug */ = {
			isa = XCBuildConfiguration;
			buildSettings = {
				BUNDLE_LOADER = "$(BUILT_PRODUCTS_DIR)/WSUVMessageBoard.app/WSUVMessageBoard";
				FRAMEWORK_SEARCH_PATHS = (
					"$(SDKROOT)/Developer/Library/Frameworks",
					"$(inherited)",
					"$(DEVELOPER_FRAMEWORKS_DIR)",
				);
				GCC_PRECOMPILE_PREFIX_HEADER = YES;
				GCC_PREFIX_HEADER = "WSUVMessageBoard/WSUVMessageBoard-Prefix.pch";
				GCC_PREPROCESSOR_DEFINITIONS = (
					"DEBUG=1",
					"$(inherited)",
				);
				INFOPLIST_FILE = "WSUVMessageBoardTests/WSUVMessageBoardTests-Info.plist";
				PRODUCT_NAME = "$(TARGET_NAME)";
				TEST_HOST = "$(BUNDLE_LOADER)";
				WRAPPER_EXTENSION = xctest;
			};
			name = Debug;
		};
		F73242D018EB8047004227E7 /* Release */ = {
			isa = XCBuildConfiguration;
			buildSettings = {
				BUNDLE_LOADER = "$(BUILT_PRODUCTS_DIR)/WSUVMessageBoard.app/WSUVMessageBoard";
				FRAMEWORK_SEARCH_PATHS = (
					"$(SDKROOT)/Developer/Library/Frameworks",
					"$(inherited)",
					"$(DEVELOPER_FRAMEWORKS_DIR)",
				);
				GCC_PRECOMPILE_PREFIX_HEADER = YES;
				GCC_PREFIX_HEADER = "WSUVMessageBoard/WSUVMessageBoard-Prefix.pch";
				INFOPLIST_FILE = "WSUVMessageBoardTests/WSUVMessageBoardTests-Info.plist";
				PRODUCT_NAME = "$(TARGET_NAME)";
				TEST_HOST = "$(BUNDLE_LOADER)";
				WRAPPER_EXTENSION = xctest;
			};
			name = Release;
		};
/* End XCBuildConfiguration section */

/* Begin XCConfigurationList section */
		F732428E18EB8047004227E7 /* Build configuration list for PBXProject "WSUVMessageBoard" */ = {
			isa = XCConfigurationList;
			buildConfigurations = (
				F73242C918EB8047004227E7 /* Debug */,
				F73242CA18EB8047004227E7 /* Release */,
			);
			defaultConfigurationIsVisible = 0;
			defaultConfigurationName = Release;
		};
		F73242CB18EB8047004227E7 /* Build configuration list for PBXNativeTarget "WSUVMessageBoard" */ = {
			isa = XCConfigurationList;
			buildConfigurations = (
				F73242CC18EB8047004227E7 /* Debug */,
				F73242CD18EB8047004227E7 /* Release */,
			);
			defaultConfigurationIsVisible = 0;
			defaultConfigurationName = Release;
		};
		F73242CE18EB8047004227E7 /* Build configuration list for PBXNativeTarget "WSUVMessageBoardTests" */ = {
			isa = XCConfigurationList;
			buildConfigurations = (
				F73242CF18EB8047004227E7 /* Debug */,
				F73242D018EB8047004227E7 /* Release */,
			);
			defaultConfigurationIsVisible = 0;
			defaultConfigurationName = Release;
		};
/* End XCConfigurationList section */
	};
	rootObject = F732428B18EB8047004227E7 /* Project object */;
}
